
Microsoft Visual Studio Solution File, Format Version 12.00
# Visual Studio 15
VisualStudioVersion = 15.0.26730.16
MinimumVisualStudioVersion = 10.0.40219.1
Project("{9092AA53-FB77-4645-B42D-1CCCA6BD08BD}") = "HourMarkingBot", "HourMarkingBot\HourMarkingBot.njsproj", "{141155AD-B2B9-4384-B0EE-E6A8BAF31948}"
EndProject
Global
	GlobalSection(SolutionConfigurationPlatforms) = preSolution
		Debug|Any CPU = Debug|Any CPU
		Release|Any CPU = Release|Any CPU
	EndGlobalSection
	GlobalSection(ProjectConfigurationPlatforms) = postSolution
		{141155AD-B2B9-4384-B0EE-E6A8BAF31948}.Debug|Any CPU.ActiveCfg = Debug|Any CPU
		{141155AD-B2B9-4384-B0EE-E6A8BAF31948}.Debug|Any CPU.Build.0 = Debug|Any CPU
		{141155AD-B2B9-4384-B0EE-E6A8BAF31948}.Release|Any CPU.ActiveCfg = Release|Any CPU
		{141155AD-B2B9-4384-B0EE-E6A8BAF31948}.Release|Any CPU.Build.0 = Release|Any CPU
	EndGlobalSection
	GlobalSection(SolutionProperties) = preSolution
		HideSolutionNode = FALSE
	EndGlobalSection
	GlobalSection(ExtensibilityGlobals) = postSolution
		SolutionGuid = {6E817AC4-0E73-4D17-8D42-5C029250C4BA}
	EndGlobalSection
EndGlobal
